
Microsoft Visual Studio Solution File, Format Version 12.00
# Visual Studio 15
VisualStudioVersion = 15.0.27130.2010
MinimumVisualStudioVersion = 10.0.40219.1
Project("{FAE04EC0-301F-11D3-BF4B-00C04F79EFBC}") = "WindowsFormsApp1", "WindowsFormsApp1\WindowsFormsApp1.csproj", "{7631D62A-B64D-41D5-B410-CB7B7BBF4768}"
EndProject
Global
	GlobalSection(SolutionConfigurationPlatforms) = preSolution
		Debug|Any CPU = Debug|Any CPU
		Release|Any CPU = Release|Any CPU
	EndGlobalSection
	GlobalSection(ProjectConfigurationPlatforms) = postSolution
		{7631D62A-B64D-41D5-B410-CB7B7BBF4768}.Debug|Any CPU.ActiveCfg = Debug|Any CPU
		{7631D62A-B64D-41D5-B410-CB7B7BBF4768}.Debug|Any CPU.Build.0 = Debug|Any CPU
		{7631D62A-B64D-41D5-B410-CB7B7BBF4768}.Release|Any CPU.ActiveCfg = Release|Any CPU
		{7631D62A-B64D-41D5-B410-CB7B7BBF4768}.Release|Any CPU.Build.0 = Release|Any CPU
	EndGlobalSection
	GlobalSection(SolutionProperties) = preSolution
		HideSolutionNode = FALSE
	EndGlobalSection
	GlobalSection(ExtensibilityGlobals) = postSolution
		SolutionGuid = {5518A3DD-EEA0-4AA2-B183-9415D4A209BB}
	EndGlobalSection
EndGlobal
